
Microsoft Visual Studio Solution File, Format Version 12.00
# Visual Studio Version 16
VisualStudioVersion = 16.0.29201.188
MinimumVisualStudioVersion = 10.0.40219.1
Project("{FAE04EC0-301F-11D3-BF4B-00C04F79EFBC}") = "Tarea3MAD.Android", "Tarea3MAD.Android\Tarea3MAD.Android.csproj", "{18D188BB-3D70-4838-8503-FDAC286D949B}"
EndProject
Project("{FAE04EC0-301F-11D3-BF4B-00C04F79EFBC}") = "Tarea3MAD.iOS", "Tarea3MAD.iOS\Tarea3MAD.iOS.csproj", "{F710C8FC-9A28-4834-AD8B-7D2AF5B565A2}"
EndProject
Project("{FAE04EC0-301F-11D3-BF4B-00C04F79EFBC}") = "Tarea3MAD", "Tarea3MAD\Tarea3MAD.csproj", "{D069FA55-2993-4FD5-A0DF-AD1C5B110538}"
EndProject
Global
	GlobalSection(SolutionConfigurationPlatforms) = preSolution
		Debug|Any CPU = Debug|Any CPU
		Debug|iPhone = Debug|iPhone
		Debug|iPhoneSimulator = Debug|iPhoneSimulator
		Release|Any CPU = Release|Any CPU
		Release|iPhone = Release|iPhone
		Release|iPhoneSimulator = Release|iPhoneSimulator
	EndGlobalSection
	GlobalSection(ProjectConfigurationPlatforms) = postSolution
		{18D188BB-3D70-4838-8503-FDAC286D949B}.Debug|Any CPU.ActiveCfg = Debug|Any CPU
		{18D188BB-3D70-4838-8503-FDAC286D949B}.Debug|Any CPU.Build.0 = Debug|Any CPU
		{18D188BB-3D70-4838-8503-FDAC286D949B}.Debug|Any CPU.Deploy.0 = Debug|Any CPU
		{18D188BB-3D70-4838-8503-FDAC286D949B}.Debug|iPhone.ActiveCfg = Debug|Any CPU
		{18D188BB-3D70-4838-8503-FDAC286D949B}.Debug|iPhone.Build.0 = Debug|Any CPU
		{18D188BB-3D70-4838-8503-FDAC286D949B}.Debug|iPhone.Deploy.0 = Debug|Any CPU
		{18D188BB-3D70-4838-8503-FDAC286D949B}.Debug|iPhoneSimulator.ActiveCfg = Debug|Any CPU
		{18D188BB-3D70-4838-8503-FDAC286D949B}.Debug|iPhoneSimulator.Build.0 = Debug|Any CPU
		{18D188BB-3D70-4838-8503-FDAC286D949B}.Debug|iPhoneSimulator.Deploy.0 = Debug|Any CPU
		{18D188BB-3D70-4838-8503-FDAC286D949B}.Release|Any CPU.ActiveCfg = Release|Any CPU
		{18D188BB-3D70-4838-8503-FDAC286D949B}.Release|Any CPU.Build.0 = Release|Any CPU
		{18D188BB-3D70-4838-8503-FDAC286D949B}.Release|Any CPU.Deploy.0 = Release|Any CPU
		{18D188BB-3D70-4838-8503-FDAC286D949B}.Release|iPhone.ActiveCfg = Release|Any CPU
		{18D188BB-3D70-4838-8503-FDAC286D949B}.Release|iPhone.Build.0 = Release|Any CPU
		{18D188BB-3D70-4838-8503-FDAC286D949B}.Release|iPhone.Deploy.0 = Release|Any CPU
		{18D188BB-3D70-4838-8503-FDAC286D949B}.Release|iPhoneSimulator.ActiveCfg = Release|Any CPU
		{18D188BB-3D70-4838-8503-FDAC286D949B}.Release|iPhoneSimulator.Build.0 = Release|Any CPU
		{18D188BB-3D70-4838-8503-FDAC286D949B}.Release|iPhoneSimulator.Deploy.0 = Release|Any CPU
		{F710C8FC-9A28-4834-AD8B-7D2AF5B565A2}.Debug|Any CPU.ActiveCfg = Debug|iPhoneSimulator
		{F710C8FC-9A28-4834-AD8B-7D2AF5B565A2}.Debug|Any CPU.Build.0 = Debug|iPhoneSimulator
		{F710C8FC-9A28-4834-AD8B-7D2AF5B565A2}.Debug|Any CPU.Deploy.0 = Debug|iPhoneSimulator
		{F710C8FC-9A28-4834-AD8B-7D2AF5B565A2}.Debug|iPhone.ActiveCfg = Debug|iPhone
		{F710C8FC-9A28-4834-AD8B-7D2AF5B565A2}.Debug|iPhone.Build.0 = Debug|iPhone
		{F710C8FC-9A28-4834-AD8B-7D2AF5B565A2}.Debug|iPhone.Deploy.0 = Debug|iPhone
		{F710C8FC-9A28-4834-AD8B-7D2AF5B565A2}.Debug|iPhoneSimulator.ActiveCfg = Debug|iPhoneSimulator
		{F710C8FC-9A28-4834-AD8B-7D2AF5B565A2}.Debug|iPhoneSimulator.Build.0 = Debug|iPhoneSimulator
		{F710C8FC-9A28-4834-AD8B-7D2AF5B565A2}.Debug|iPhoneSimulator.Deploy.0 = Debug|iPhoneSimulator
		{F710C8FC-9A28-4834-AD8B-7D2AF5B565A2}.Release|Any CPU.ActiveCfg = Release|iPhone
		{F710C8FC-9A28-4834-AD8B-7D2AF5B565A2}.Release|Any CPU.Build.0 = Release|iPhone
		{F710C8FC-9A28-4834-AD8B-7D2AF5B565A2}.Release|Any CPU.Deploy.0 = Release|iPhone
		{F710C8FC-9A28-4834-AD8B-7D2AF5B565A2}.Release|iPhone.ActiveCfg = Release|iPhone
		{F710C8FC-9A28-4834-AD8B-7D2AF5B565A2}.Release|iPhone.Build.0 = Release|iPhone
		{F710C8FC-9A28-4834-AD8B-7D2AF5B565A2}.Release|iPhone.Deploy.0 = Release|iPhone
		{F710C8FC-9A28-4834-AD8B-7D2AF5B565A2}.Release|iPhoneSimulator.ActiveCfg = Release|iPhoneSimulator
		{F710C8FC-9A28-4834-AD8B-7D2AF5B565A2}.Release|iPhoneSimulator.Build.0 = Release|iPhoneSimulator
		{F710C8FC-9A28-4834-AD8B-7D2AF5B565A2}.Release|iPhoneSimulator.Deploy.0 = Release|iPhoneSimulator
		{D069FA55-2993-4FD5-A0DF-AD1C5B110538}.Debug|Any CPU.ActiveCfg = Debug|Any CPU
		{D069FA55-2993-4FD5-A0DF-AD1C5B110538}.Debug|Any CPU.Build.0 = Debug|Any CPU
		{D069FA55-2993-4FD5-A0DF-AD1C5B110538}.Debug|Any CPU.Deploy.0 = Debug|Any CPU
		{D069FA55-2993-4FD5-A0DF-AD1C5B110538}.Debug|iPhone.ActiveCfg = Debug|Any CPU
		{D069FA55-2993-4FD5-A0DF-AD1C5B110538}.Debug|iPhone.Build.0 = Debug|Any CPU
		{D069FA55-2993-4FD5-A0DF-AD1C5B110538}.Debug|iPhone.Deploy.0 = Debug|Any CPU
		{D069FA55-2993-4FD5-A0DF-AD1C5B110538}.Debug|iPhoneSimulator.ActiveCfg = Debug|Any CPU
		{D069FA55-2993-4FD5-A0DF-AD1C5B110538}.Debug|iPhoneSimulator.Build.0 = Debug|Any CPU
		{D069FA55-2993-4FD5-A0DF-AD1C5B110538}.Debug|iPhoneSimulator.Deploy.0 = Debug|Any CPU
		{D069FA55-2993-4FD5-A0DF-AD1C5B110538}.Release|Any CPU.ActiveCfg = Release|Any CPU
		{D069FA55-2993-4FD5-A0DF-AD1C5B110538}.Release|Any CPU.Build.0 = Release|Any CPU
		{D069FA55-2993-4FD5-A0DF-AD1C5B110538}.Release|Any CPU.Deploy.0 = Release|Any CPU
		{D069FA55-2993-4FD5-A0DF-AD1C5B110538}.Release|iPhone.ActiveCfg = Release|Any CPU
		{D069FA55-2993-4FD5-A0DF-AD1C5B110538}.Release|iPhone.Build.0 = Release|Any CPU
		{D069FA55-2993-4FD5-A0DF-AD1C5B110538}.Release|iPhone.Deploy.0 = Release|Any CPU
		{D069FA55-2993-4FD5-A0DF-AD1C5B110538}.Release|iPhoneSimulator.ActiveCfg = Release|Any CPU
		{D069FA55-2993-4FD5-A0DF-AD1C5B110538}.Release|iPhoneSimulator.Build.0 = Release|Any CPU
		{D069FA55-2993-4FD5-A0DF-AD1C5B110538}.Release|iPhoneSimulator.Deploy.0 = Release|Any CPU
	EndGlobalSection
	GlobalSection(SolutionProperties) = preSolution
		HideSolutionNode = FALSE
	EndGlobalSection
	GlobalSection(ExtensibilityGlobals) = postSolution
		SolutionGuid = {D5868B65-EB7A-4D34-8582-01A5C4916BA6}
	EndGlobalSection
EndGlobal
